<?xml version="1.0" encoding="utf-8"?>
<Project ToolsVersion="4.0" xmlns="http://schemas.microsoft.com/developer/msbuild/2003">
  <ItemGroup>
    <Filter Include="Source Files">
      <UniqueIdentifier>{4FC737F1-C7A5-4376-A066-2A32D752A2FF}</UniqueIdentifier>
      <Extensions>cpp;c;cc;cxx;def;odl;idl;hpj;bat;asm;asmx</Extensions>
    </Filter>
    <Filter Include="Header Files">
      <UniqueIdentifier>{93995380-89BD-4b04-88EB-625FBE52EBFB}</UniqueIdentifier>
      <Extensions>h;hpp;hxx;hm;inl;inc;xsd</Extensions>
    </Filter>
  </ItemGroup>
  <ItemGroup>
    <ClCompile Include="alignresult.cpp">
      <Filter>Source Files</Filter>
    </ClCompile>
    <ClCompile Include="alnheuristics.cpp">
      <Filter>Source Files</Filter>
    </ClCompile>
    <ClCompile Include="alnparams.cpp">
      <Filter>Source Files</Filter>
    </ClCompile>
    <ClCompile Include="alpha.cpp">
      <Filter>Source Files</Filter>
    </ClCompile>
    <ClCompile Include="alpha2.cpp">
      <Filter>Source Files</Filter>
    </ClCompile>
    <ClCompile Include="diagbox.cpp">
      <Filter>Source Files</Filter>
    </ClCompile>
    <ClCompile Include="fastaseqsource.cpp">
      <Filter>Source Files</Filter>
    </ClCompile>
    <ClCompile Include="globalaligner.cpp">
      <Filter>Source Files</Filter>
    </ClCompile>
    <ClCompile Include="globalalignmem.cpp">
      <Filter>Source Files</Filter>
    </ClCompile>
    <ClCompile Include="hspfinder.cpp">
      <Filter>Source Files</Filter>
    </ClCompile>
    <ClCompile Include="logaln.cpp">
      <Filter>Source Files</Filter>
    </ClCompile>
    <ClCompile Include="mx.cpp">
      <Filter>Source Files</Filter>
    </ClCompile>
    <ClCompile Include="myutils.cpp">
      <Filter>Source Files</Filter>
    </ClCompile>
    <ClCompile Include="objmgr.cpp">
      <Filter>Source Files</Filter>
    </ClCompile>
    <ClCompile Include="seqdb.cpp">
      <Filter>Source Files</Filter>
    </ClCompile>
    <ClCompile Include="seqdbio.cpp">
      <Filter>Source Files</Filter>
    </ClCompile>
    <ClCompile Include="seqinfo.cpp">
      <Filter>Source Files</Filter>
    </ClCompile>
    <ClCompile Include="setnucmx.cpp">
      <Filter>Source Files</Filter>
    </ClCompile>
    <ClCompile Include="timing.cpp">
      <Filter>Source Files</Filter>
    </ClCompile>
    <ClCompile Include="tracebackbitmem.cpp">
      <Filter>Source Files</Filter>
    </ClCompile>
    <ClCompile Include="viterbifastbandmem.cpp">
      <Filter>Source Files</Filter>
    </ClCompile>
    <ClCompile Include="viterbifastmem.cpp">
      <Filter>Source Files</Filter>
    </ClCompile>
    <ClCompile Include="xdropalignmem.cpp">
      <Filter>Source Files</Filter>
    </ClCompile>
    <ClCompile Include="xdropbwdmem.cpp">
      <Filter>Source Files</Filter>
    </ClCompile>
    <ClCompile Include="prime.cpp">
      <Filter>Source Files</Filter>
    </ClCompile>
    <ClCompile Include="seqdbfromfasta.cpp">
      <Filter>Source Files</Filter>
    </ClCompile>
    <ClCompile Include="localaligner.cpp">
      <Filter>Source Files</Filter>
    </ClCompile>
    <ClCompile Include="lockobj.cpp">
      <Filter>Source Files</Filter>
    </ClCompile>
    <ClCompile Include="seqsource.cpp">
      <Filter>Source Files</Filter>
    </ClCompile>
    <ClCompile Include="localaligner2.cpp">
      <Filter>Source Files</Filter>
    </ClCompile>
    <ClCompile Include="localmulti.cpp">
      <Filter>Source Files</Filter>
    </ClCompile>
    <ClCompile Include="cmdline.cpp">
      <Filter>Source Files</Filter>
    </ClCompile>
    <ClCompile Include="cmd.cpp">
      <Filter>Source Files</Filter>
    </ClCompile>
    <ClCompile Include="getcmd.cpp">
      <Filter>Source Files</Filter>
    </ClCompile>
    <ClCompile Include="xdropfwdmem.cpp">
      <Filter>Source Files</Filter>
    </ClCompile>
    <ClCompile Include="xdropfwdsplit.cpp">
      <Filter>Source Files</Filter>
    </ClCompile>
    <ClCompile Include="xdropbwdsplit.cpp">
      <Filter>Source Files</Filter>
    </ClCompile>
    <ClCompile Include="fastq.cpp">
      <Filter>Source Files</Filter>
    </ClCompile>
    <ClCompile Include="pcb.cpp">
      <Filter>Source Files</Filter>
    </ClCompile>
    <ClCompile Include="pathinfo.cpp">
      <Filter>Source Files</Filter>
    </ClCompile>
    <ClCompile Include="samrec.cpp">
      <Filter>Source Files</Filter>
    </ClCompile>
    <ClCompile Include="arscorer.cpp">
      <Filter>Source Files</Filter>
    </ClCompile>
    <ClCompile Include="fastqseqsource.cpp">
      <Filter>Source Files</Filter>
    </ClCompile>
    <ClCompile Include="fileseqsource.cpp">
      <Filter>Source Files</Filter>
    </ClCompile>
    <ClCompile Include="linereader.cpp">
      <Filter>Source Files</Filter>
    </ClCompile>
    <ClCompile Include="filetype.cpp">
      <Filter>Source Files</Filter>
    </ClCompile>
    <ClCompile Include="label.cpp">
      <Filter>Source Files</Filter>
    </ClCompile>
    <ClCompile Include="ufindex.cpp">
      <Filter>Source Files</Filter>
    </ClCompile>
    <ClCompile Include="ufindexio.cpp">
      <Filter>Source Files</Filter>
    </ClCompile>
    <ClCompile Include="ufistats.cpp">
      <Filter>Source Files</Filter>
    </ClCompile>
    <ClCompile Include="urmap_main.cpp">
      <Filter>Source Files</Filter>
    </ClCompile>
    <ClCompile Include="estats.cpp">
      <Filter>Source Files</Filter>
    </ClCompile>
    <ClCompile Include="gethsps.cpp">
      <Filter>Source Files</Filter>
    </ClCompile>
    <ClCompile Include="seqdbseqsource.cpp">
      <Filter>Source Files</Filter>
    </ClCompile>
    <ClCompile Include="ungappedblast.cpp">
      <Filter>Source Files</Filter>
    </ClCompile>
    <ClCompile Include="evalue.cpp">
      <Filter>Source Files</Filter>
    </ClCompile>
    <ClCompile Include="output2.cpp">
      <Filter>Source Files</Filter>
    </ClCompile>
    <ClCompile Include="chainer.cpp">
      <Filter>Source Files</Filter>
    </ClCompile>
    <ClCompile Include="chainer1.cpp">
      <Filter>Source Files</Filter>
    </ClCompile>
    <ClCompile Include="state1.cpp">
      <Filter>Source Files</Filter>
    </ClCompile>
    <ClCompile Include="state2.cpp">
      <Filter>Source Files</Filter>
    </ClCompile>
    <ClCompile Include="search2.cpp">
      <Filter>Source Files</Filter>
    </ClCompile>
    <ClCompile Include="alignhsp.cpp">
      <Filter>Source Files</Filter>
    </ClCompile>
    <ClCompile Include="alignhsp5.cpp">
      <Filter>Source Files</Filter>
    </ClCompile>
    <ClCompile Include="extendpen.cpp">
      <Filter>Source Files</Filter>
    </ClCompile>
    <ClCompile Include="extendscan.cpp">
      <Filter>Source Files</Filter>
    </ClCompile>
    <ClCompile Include="getseed.cpp">
      <Filter>Source Files</Filter>
    </ClCompile>
    <ClCompile Include="output1.cpp">
      <Filter>Source Files</Filter>
    </ClCompile>
    <ClCompile Include="scan.cpp">
      <Filter>Source Files</Filter>
    </ClCompile>
    <ClCompile Include="scanslots.cpp">
      <Filter>Source Files</Filter>
    </ClCompile>
    <ClCompile Include="search1.cpp">
      <Filter>Source Files</Filter>
    </ClCompile>
    <ClCompile Include="search1m1.cpp">
      <Filter>Source Files</Filter>
    </ClCompile>
    <ClCompile Include="search1m6.cpp">
      <Filter>Source Files</Filter>
    </ClCompile>
    <ClCompile Include="search2m4.cpp">
      <Filter>Source Files</Filter>
    </ClCompile>
    <ClCompile Include="search2m5.cpp">
      <Filter>Source Files</Filter>
    </ClCompile>
    <ClCompile Include="searchpending5.cpp">
      <Filter>Source Files</Filter>
    </ClCompile>
    <ClCompile Include="search1pepend.cpp">
      <Filter>Source Files</Filter>
    </ClCompile>
    <ClCompile Include="viterbi.cpp">
      <Filter>Source Files</Filter>
    </ClCompile>
    <ClCompile Include="setsam.cpp">
      <Filter>Source Files</Filter>
    </ClCompile>
    <ClCompile Include="cigar.cpp">
      <Filter>Source Files</Filter>
    </ClCompile>
    <ClCompile Include="sam2aln.cpp">
      <Filter>Source Files</Filter>
    </ClCompile>
    <ClCompile Include="map2.cpp">
      <Filter>Source Files</Filter>
    </ClCompile>
    <ClCompile Include="map.cpp">
      <Filter>Source Files</Filter>
    </ClCompile>
    <ClCompile Include="seqhash.cpp">
      <Filter>Source Files</Filter>
    </ClCompile>
    <ClCompile Include="crc32.c">
      <Filter>Source Files</Filter>
    </ClCompile>
    <ClCompile Include="deflate.c">
      <Filter>Source Files</Filter>
    </ClCompile>
    <ClCompile Include="gzlib.c">
      <Filter>Source Files</Filter>
    </ClCompile>
    <ClCompile Include="gzread.c">
      <Filter>Source Files</Filter>
    </ClCompile>
    <ClCompile Include="infback.c">
      <Filter>Source Files</Filter>
    </ClCompile>
    <ClCompile Include="inffast.c">
      <Filter>Source Files</Filter>
    </ClCompile>
    <ClCompile Include="inflate.c">
      <Filter>Source Files</Filter>
    </ClCompile>
    <ClCompile Include="inftrees.c">
      <Filter>Source Files</Filter>
    </ClCompile>
    <ClCompile Include="trees.c">
      <Filter>Source Files</Filter>
    </ClCompile>
    <ClCompile Include="zutil.c">
      <Filter>Source Files</Filter>
    </ClCompile>
    <ClCompile Include="adler32.c">
      <Filter>Source Files</Filter>
    </ClCompile>
    <ClCompile Include="gzipfileio.cpp">
      <Filter>Source Files</Filter>
    </ClCompile>
    <ClCompile Include="progress.cpp">
      <Filter>Source Files</Filter>
    </ClCompile>
    <ClCompile Include="test.cpp">
      <Filter>Source Files</Filter>
    </ClCompile>
    <ClCompile Include="onemasks.cpp">
      <Filter>Source Files</Filter>
    </ClCompile>
    <ClCompile Include="rcemalloc.cpp">
      <Filter>Source Files</Filter>
    </ClCompile>
    <ClCompile Include="ufigetboth1s.cpp">
      <Filter>Source Files</Filter>
    </ClCompile>
    <ClCompile Include="tenx.cpp">
      <Filter>Source Files</Filter>
    </ClCompile>
    <ClCompile Include="samseqsource.cpp">
      <Filter>Source Files</Filter>
    </ClCompile>
    <ClCompile Include="samrec2.cpp">
      <Filter>Source Files</Filter>
    </ClCompile>
    <ClCompile Include="outfiles.cpp">
      <Filter>Source Files</Filter>
    </ClCompile>
    <ClCompile Include="outputtab2.cpp">
      <Filter>Source Files</Filter>
    </ClCompile>
    <ClCompile Include="makebitvec.cpp">
      <Filter>Source Files</Filter>
    </ClCompile>
    <ClCompile Include="bitvec.cpp">
      <Filter>Source Files</Filter>
    </ClCompile>
    <ClCompile Include="searchbitvec.cpp">
      <Filter>Source Files</Filter>
    </ClCompile>
    <ClCompile Include="searchbitvec2.cpp">
      <Filter>Source Files</Filter>
    </ClCompile>
  </ItemGroup>
  <ItemGroup>
    <ClInclude Include="coral.h">
      <Filter>Header Files</Filter>
    </ClInclude>
    <ClInclude Include="cigar.h">
      <Filter>Header Files</Filter>
    </ClInclude>
    <ClInclude Include="state1.h">
      <Filter>Header Files</Filter>
    </ClInclude>
    <ClInclude Include="myutils.h">
      <Filter>Header Files</Filter>
    </ClInclude>
    <ClInclude Include="cmds.h">
      <Filter>Header Files</Filter>
    </ClInclude>
    <ClInclude Include="state2.h">
      <Filter>Header Files</Filter>
    </ClInclude>
    <ClInclude Include="ufindex.h">
      <Filter>Header Files</Filter>
    </ClInclude>
    <ClInclude Include="myopts.h">
      <Filter>Header Files</Filter>
    </ClInclude>
    <ClInclude Include="seqsource.h">
      <Filter>Header Files</Filter>
    </ClInclude>
    <ClInclude Include="seqinfo.h">
      <Filter>Header Files</Filter>
    </ClInclude>
    <ClInclude Include="seqdb.h">
      <Filter>Header Files</Filter>
    </ClInclude>
    <ClInclude Include="mx.h">
      <Filter>Header Files</Filter>
    </ClInclude>
    <ClInclude Include="sort.h">
      <Filter>Header Files</Filter>
    </ClInclude>
    <ClInclude Include="obj.h">
      <Filter>Header Files</Filter>
    </ClInclude>
    <ClInclude Include="objmgr.h">
      <Filter>Header Files</Filter>
    </ClInclude>
    <ClInclude Include="omplock.h">
      <Filter>Header Files</Filter>
    </ClInclude>
    <ClInclude Include="lockobj.h">
      <Filter>Header Files</Filter>
    </ClInclude>
    <ClInclude Include="ufihit.h">
      <Filter>Header Files</Filter>
    </ClInclude>
    <ClInclude Include="gobuff.h">
      <Filter>Header Files</Filter>
    </ClInclude>
    <ClInclude Include="alignresult.h">
      <Filter>Header Files</Filter>
    </ClInclude>
    <ClInclude Include="samrec.h">
      <Filter>Header Files</Filter>
    </ClInclude>
    <ClInclude Include="fastq.h">
      <Filter>Header Files</Filter>
    </ClInclude>
    <ClInclude Include="fastqseqsource.h">
      <Filter>Header Files</Filter>
    </ClInclude>
    <ClInclude Include="lockobjs.h">
      <Filter>Header Files</Filter>
    </ClInclude>
    <ClInclude Include="objtype.h">
      <Filter>Header Files</Filter>
    </ClInclude>
    <ClInclude Include="objtypes.h">
      <Filter>Header Files</Filter>
    </ClInclude>
    <ClInclude Include="readsimbench.h">
      <Filter>Header Files</Filter>
    </ClInclude>
    <ClInclude Include="tracebit.h">
      <Filter>Header Files</Filter>
    </ClInclude>
    <ClInclude Include="ufihsp.h">
      <Filter>Header Files</Filter>
    </ClInclude>
    <ClInclude Include="xdpmem.h">
      <Filter>Header Files</Filter>
    </ClInclude>
    <ClInclude Include="xtype.h">
      <Filter>Header Files</Filter>
    </ClInclude>
    <ClInclude Include="crc32.h">
      <Filter>Header Files</Filter>
    </ClInclude>
    <ClInclude Include="deflate.h">
      <Filter>Header Files</Filter>
    </ClInclude>
    <ClInclude Include="gzguts.h">
      <Filter>Header Files</Filter>
    </ClInclude>
    <ClInclude Include="inffast.h">
      <Filter>Header Files</Filter>
    </ClInclude>
    <ClInclude Include="inffixed.h">
      <Filter>Header Files</Filter>
    </ClInclude>
    <ClInclude Include="inflate.h">
      <Filter>Header Files</Filter>
    </ClInclude>
    <ClInclude Include="inftrees.h">
      <Filter>Header Files</Filter>
    </ClInclude>
    <ClInclude Include="trees.h">
      <Filter>Header Files</Filter>
    </ClInclude>
    <ClInclude Include="zconf.h">
      <Filter>Header Files</Filter>
    </ClInclude>
    <ClInclude Include="zlib.h">
      <Filter>Header Files</Filter>
    </ClInclude>
    <ClInclude Include="zutil.h">
      <Filter>Header Files</Filter>
    </ClInclude>
    <ClInclude Include="tenx.h">
      <Filter>Header Files</Filter>
    </ClInclude>
    <ClInclude Include="samseqsource.h">
      <Filter>Header Files</Filter>
    </ClInclude>
    <ClInclude Include="samrec2.h">
      <Filter>Header Files</Filter>
    </ClInclude>
    <ClInclude Include="outfiles.h">
      <Filter>Header Files</Filter>
    </ClInclude>
    <ClInclude Include="bitvec.h">
      <Filter>Header Files</Filter>
    </ClInclude>
  </ItemGroup>
</Project>